
Microsoft Visual Studio Solution File, Format Version 12.00
# Visual Studio Version 16
VisualStudioVersion = 16.0.30907.101
MinimumVisualStudioVersion = 10.0.40219.1
Project("{9A19103F-16F7-4668-BE54-9A1E7A4F7556}") = "ImdbIoasys", "ImdbIoasys\ImdbIoasys.csproj", "{DBBDB422-4CA2-4DF8-A41B-EF5ABBE9B9FB}"
EndProject
Project("{2150E333-8FDC-42A3-9474-1A3956D46DE8}") = "2 - Core", "2 - Core", "{E020FB20-98F6-4370-84F9-F0CB438FDE75}"
EndProject
Project("{2150E333-8FDC-42A3-9474-1A3956D46DE8}") = "3 - Infrastructure", "3 - Infrastructure", "{EFA78BBD-11C2-458B-867A-1F88275B2C7D}"
EndProject
Project("{2150E333-8FDC-42A3-9474-1A3956D46DE8}") = "1 - Presentation", "1 - Presentation", "{7A235FEA-F71C-4B12-8361-5018FBE3E5F4}"
EndProject
Project("{9A19103F-16F7-4668-BE54-9A1E7A4F7556}") = "Domain", "Domain\Domain.csproj", "{93BD9774-4411-4264-A74D-D31B1E42F60A}"
EndProject
Project("{9A19103F-16F7-4668-BE54-9A1E7A4F7556}") = "Infrastructure", "Infrastructure\Infrastructure.csproj", "{4548A592-51EF-4AA4-AD8C-12C54A8815CD}"
EndProject
Project("{FAE04EC0-301F-11D3-BF4B-00C04F79EFBC}") = "Infrastructure.Interfaces", "Infrastructure.Interfaces\Infrastructure.Interfaces.csproj", "{C3B0BABB-809D-4F21-A8AB-9F4E43E7D525}"
EndProject
Project("{FAE04EC0-301F-11D3-BF4B-00C04F79EFBC}") = "Application.Interfaces", "Application.Interfaces\Application.Interfaces.csproj", "{6B9F436F-741C-4DDD-9784-AB3F82FA1F2D}"
EndProject
Project("{FAE04EC0-301F-11D3-BF4B-00C04F79EFBC}") = "Application", "Application\Application.csproj", "{4118E00F-943A-4DD0-A4AE-3CE29BAD24E8}"
EndProject
Project("{FAE04EC0-301F-11D3-BF4B-00C04F79EFBC}") = "GlobalUtils", "GlobalUtils\GlobalUtils.csproj", "{A2CC042F-A0E1-4DCB-9113-FB41C86E3AFF}"
EndProject
Project("{FAE04EC0-301F-11D3-BF4B-00C04F79EFBC}") = "ApplicationTests", "ApplicationTests\ApplicationTests.csproj", "{F2575466-6F5A-40E4-BC48-55E60FEE4E5D}"
EndProject
Global
	GlobalSection(SolutionConfigurationPlatforms) = preSolution
		Debug|Any CPU = Debug|Any CPU
		Release|Any CPU = Release|Any CPU
	EndGlobalSection
	GlobalSection(ProjectConfigurationPlatforms) = postSolution
		{DBBDB422-4CA2-4DF8-A41B-EF5ABBE9B9FB}.Debug|Any CPU.ActiveCfg = Debug|Any CPU
		{DBBDB422-4CA2-4DF8-A41B-EF5ABBE9B9FB}.Debug|Any CPU.Build.0 = Debug|Any CPU
		{DBBDB422-4CA2-4DF8-A41B-EF5ABBE9B9FB}.Release|Any CPU.ActiveCfg = Release|Any CPU
		{DBBDB422-4CA2-4DF8-A41B-EF5ABBE9B9FB}.Release|Any CPU.Build.0 = Release|Any CPU
		{93BD9774-4411-4264-A74D-D31B1E42F60A}.Debug|Any CPU.ActiveCfg = Debug|Any CPU
		{93BD9774-4411-4264-A74D-D31B1E42F60A}.Debug|Any CPU.Build.0 = Debug|Any CPU
		{93BD9774-4411-4264-A74D-D31B1E42F60A}.Release|Any CPU.ActiveCfg = Release|Any CPU
		{93BD9774-4411-4264-A74D-D31B1E42F60A}.Release|Any CPU.Build.0 = Release|Any CPU
		{4548A592-51EF-4AA4-AD8C-12C54A8815CD}.Debug|Any CPU.ActiveCfg = Debug|Any CPU
		{4548A592-51EF-4AA4-AD8C-12C54A8815CD}.Debug|Any CPU.Build.0 = Debug|Any CPU
		{4548A592-51EF-4AA4-AD8C-12C54A8815CD}.Release|Any CPU.ActiveCfg = Release|Any CPU
		{4548A592-51EF-4AA4-AD8C-12C54A8815CD}.Release|Any CPU.Build.0 = Release|Any CPU
		{C3B0BABB-809D-4F21-A8AB-9F4E43E7D525}.Debug|Any CPU.ActiveCfg = Debug|Any CPU
		{C3B0BABB-809D-4F21-A8AB-9F4E43E7D525}.Debug|Any CPU.Build.0 = Debug|Any CPU
		{C3B0BABB-809D-4F21-A8AB-9F4E43E7D525}.Release|Any CPU.ActiveCfg = Release|Any CPU
		{C3B0BABB-809D-4F21-A8AB-9F4E43E7D525}.Release|Any CPU.Build.0 = Release|Any CPU
		{6B9F436F-741C-4DDD-9784-AB3F82FA1F2D}.Debug|Any CPU.ActiveCfg = Debug|Any CPU
		{6B9F436F-741C-4DDD-9784-AB3F82FA1F2D}.Debug|Any CPU.Build.0 = Debug|Any CPU
		{6B9F436F-741C-4DDD-9784-AB3F82FA1F2D}.Release|Any CPU.ActiveCfg = Release|Any CPU
		{6B9F436F-741C-4DDD-9784-AB3F82FA1F2D}.Release|Any CPU.Build.0 = Release|Any CPU
		{4118E00F-943A-4DD0-A4AE-3CE29BAD24E8}.Debug|Any CPU.ActiveCfg = Debug|Any CPU
		{4118E00F-943A-4DD0-A4AE-3CE29BAD24E8}.Debug|Any CPU.Build.0 = Debug|Any CPU
		{4118E00F-943A-4DD0-A4AE-3CE29BAD24E8}.Release|Any CPU.ActiveCfg = Release|Any CPU
		{4118E00F-943A-4DD0-A4AE-3CE29BAD24E8}.Release|Any CPU.Build.0 = Release|Any CPU
		{A2CC042F-A0E1-4DCB-9113-FB41C86E3AFF}.Debug|Any CPU.ActiveCfg = Debug|Any CPU
		{A2CC042F-A0E1-4DCB-9113-FB41C86E3AFF}.Debug|Any CPU.Build.0 = Debug|Any CPU
		{A2CC042F-A0E1-4DCB-9113-FB41C86E3AFF}.Release|Any CPU.ActiveCfg = Release|Any CPU
		{A2CC042F-A0E1-4DCB-9113-FB41C86E3AFF}.Release|Any CPU.Build.0 = Release|Any CPU
		{F2575466-6F5A-40E4-BC48-55E60FEE4E5D}.Debug|Any CPU.ActiveCfg = Debug|Any CPU
		{F2575466-6F5A-40E4-BC48-55E60FEE4E5D}.Debug|Any CPU.Build.0 = Debug|Any CPU
		{F2575466-6F5A-40E4-BC48-55E60FEE4E5D}.Release|Any CPU.ActiveCfg = Release|Any CPU
		{F2575466-6F5A-40E4-BC48-55E60FEE4E5D}.Release|Any CPU.Build.0 = Release|Any CPU
	EndGlobalSection
	GlobalSection(SolutionProperties) = preSolution
		HideSolutionNode = FALSE
	EndGlobalSection
	GlobalSection(NestedProjects) = preSolution
		{DBBDB422-4CA2-4DF8-A41B-EF5ABBE9B9FB} = {7A235FEA-F71C-4B12-8361-5018FBE3E5F4}
		{93BD9774-4411-4264-A74D-D31B1E42F60A} = {E020FB20-98F6-4370-84F9-F0CB438FDE75}
		{4548A592-51EF-4AA4-AD8C-12C54A8815CD} = {EFA78BBD-11C2-458B-867A-1F88275B2C7D}
		{C3B0BABB-809D-4F21-A8AB-9F4E43E7D525} = {EFA78BBD-11C2-458B-867A-1F88275B2C7D}
		{6B9F436F-741C-4DDD-9784-AB3F82FA1F2D} = {E020FB20-98F6-4370-84F9-F0CB438FDE75}
		{4118E00F-943A-4DD0-A4AE-3CE29BAD24E8} = {E020FB20-98F6-4370-84F9-F0CB438FDE75}
	EndGlobalSection
	GlobalSection(ExtensibilityGlobals) = postSolution
		SolutionGuid = {B82C464E-9ACA-4928-9E16-F17D7F0A5EEB}
	EndGlobalSection
EndGlobal
