
Microsoft Visual Studio Solution File, Format Version 12.00
# Visual Studio Version 16
VisualStudioVersion = 16.0.30907.101
MinimumVisualStudioVersion = 10.0.40219.1
Project("{FAE04EC0-301F-11D3-BF4B-00C04F79EFBC}") = "ImdbIoasys", "ImdbIoasys\ImdbIoasys.csproj", "{DBBDB422-4CA2-4DF8-A41B-EF5ABBE9B9FB}"
EndProject
Global
	GlobalSection(SolutionConfigurationPlatforms) = preSolution
		Debug|Any CPU = Debug|Any CPU
		Release|Any CPU = Release|Any CPU
	EndGlobalSection
	GlobalSection(ProjectConfigurationPlatforms) = postSolution
		{DBBDB422-4CA2-4DF8-A41B-EF5ABBE9B9FB}.Debug|Any CPU.ActiveCfg = Debug|Any CPU
		{DBBDB422-4CA2-4DF8-A41B-EF5ABBE9B9FB}.Debug|Any CPU.Build.0 = Debug|Any CPU
		{DBBDB422-4CA2-4DF8-A41B-EF5ABBE9B9FB}.Release|Any CPU.ActiveCfg = Release|Any CPU
		{DBBDB422-4CA2-4DF8-A41B-EF5ABBE9B9FB}.Release|Any CPU.Build.0 = Release|Any CPU
	EndGlobalSection
	GlobalSection(SolutionProperties) = preSolution
		HideSolutionNode = FALSE
	EndGlobalSection
	GlobalSection(ExtensibilityGlobals) = postSolution
		SolutionGuid = {B82C464E-9ACA-4928-9E16-F17D7F0A5EEB}
	EndGlobalSection
EndGlobal
